
Microsoft Visual Studio Solution File, Format Version 12.00
# Visual Studio 15
VisualStudioVersion = 15.0.28307.489
MinimumVisualStudioVersion = 10.0.40219.1
Project("{FAE04EC0-301F-11D3-BF4B-00C04F79EFBC}") = "Hospital", "Hospital\Hospital.csproj", "{87BB07FA-8A08-4FD2-872E-11F1B2DD400F}"
EndProject
Global
	GlobalSection(SolutionConfigurationPlatforms) = preSolution
		Debug|Any CPU = Debug|Any CPU
		Release|Any CPU = Release|Any CPU
	EndGlobalSection
	GlobalSection(ProjectConfigurationPlatforms) = postSolution
		{87BB07FA-8A08-4FD2-872E-11F1B2DD400F}.Debug|Any CPU.ActiveCfg = Debug|Any CPU
		{87BB07FA-8A08-4FD2-872E-11F1B2DD400F}.Debug|Any CPU.Build.0 = Debug|Any CPU
		{87BB07FA-8A08-4FD2-872E-11F1B2DD400F}.Release|Any CPU.ActiveCfg = Release|Any CPU
		{87BB07FA-8A08-4FD2-872E-11F1B2DD400F}.Release|Any CPU.Build.0 = Release|Any CPU
	EndGlobalSection
	GlobalSection(SolutionProperties) = preSolution
		HideSolutionNode = FALSE
	EndGlobalSection
	GlobalSection(ExtensibilityGlobals) = postSolution
		SolutionGuid = {CDD63911-512F-49EF-8ED1-CAB7257AC426}
	EndGlobalSection
EndGlobal
